
Microsoft Visual Studio Solution File, Format Version 11.00
# Visual Studio 2010
Project("{FAE04EC0-301F-11D3-BF4B-00C04F79EFBC}") = "Assembly-CSharp", "Assembly-CSharp.csproj", "{F70F6649-B115-DC36-0CF1-47E40AD122D9}"
EndProject
Project("{FAE04EC0-301F-11D3-BF4B-00C04F79EFBC}") = "Assembly-CSharp-firstpass", "Assembly-CSharp-firstpass.csproj", "{75893AA2-6DE8-64C5-2B89-1DD46D3EB58F}"
EndProject
Project("{FAE04EC0-301F-11D3-BF4B-00C04F79EFBC}") = "Assembly-CSharp-Editor-firstpass", "Assembly-CSharp-Editor-firstpass.csproj", "{5B79465A-E768-663E-361D-F2EFC3545C5F}"
EndProject
Project("{FAE04EC0-301F-11D3-BF4B-00C04F79EFBC}") = "Assembly-CSharp-Editor", "Assembly-CSharp-Editor.csproj", "{FF118AE0-9811-3050-1A5A-E617E512390C}"
EndProject
Global
	GlobalSection(SolutionConfigurationPlatforms) = preSolution
		Debug|Any CPU = Debug|Any CPU
		Release|Any CPU = Release|Any CPU
	EndGlobalSection
	GlobalSection(ProjectConfigurationPlatforms) = postSolution
		{F70F6649-B115-DC36-0CF1-47E40AD122D9}.Debug|Any CPU.ActiveCfg = Debug|Any CPU
		{F70F6649-B115-DC36-0CF1-47E40AD122D9}.Debug|Any CPU.Build.0 = Debug|Any CPU
		{F70F6649-B115-DC36-0CF1-47E40AD122D9}.Release|Any CPU.ActiveCfg = Release|Any CPU
		{F70F6649-B115-DC36-0CF1-47E40AD122D9}.Release|Any CPU.Build.0 = Release|Any CPU
		{75893AA2-6DE8-64C5-2B89-1DD46D3EB58F}.Debug|Any CPU.ActiveCfg = Debug|Any CPU
		{75893AA2-6DE8-64C5-2B89-1DD46D3EB58F}.Debug|Any CPU.Build.0 = Debug|Any CPU
		{75893AA2-6DE8-64C5-2B89-1DD46D3EB58F}.Release|Any CPU.ActiveCfg = Release|Any CPU
		{75893AA2-6DE8-64C5-2B89-1DD46D3EB58F}.Release|Any CPU.Build.0 = Release|Any CPU
		{5B79465A-E768-663E-361D-F2EFC3545C5F}.Debug|Any CPU.ActiveCfg = Debug|Any CPU
		{5B79465A-E768-663E-361D-F2EFC3545C5F}.Debug|Any CPU.Build.0 = Debug|Any CPU
		{5B79465A-E768-663E-361D-F2EFC3545C5F}.Release|Any CPU.ActiveCfg = Release|Any CPU
		{5B79465A-E768-663E-361D-F2EFC3545C5F}.Release|Any CPU.Build.0 = Release|Any CPU
		{FF118AE0-9811-3050-1A5A-E617E512390C}.Debug|Any CPU.ActiveCfg = Debug|Any CPU
		{FF118AE0-9811-3050-1A5A-E617E512390C}.Debug|Any CPU.Build.0 = Debug|Any CPU
		{FF118AE0-9811-3050-1A5A-E617E512390C}.Release|Any CPU.ActiveCfg = Release|Any CPU
		{FF118AE0-9811-3050-1A5A-E617E512390C}.Release|Any CPU.Build.0 = Release|Any CPU
	EndGlobalSection
	GlobalSection(SolutionProperties) = preSolution
		HideSolutionNode = FALSE
	EndGlobalSection
EndGlobal
